// !$*UTF8*$!
{
	archiveVersion = 1;
	classes = {
	};
	objectVersion = 50;
	objects = {

/* Begin PBXBuildFile section */
		6F3FF73422BB858100E3F6E6 /* AppDelegate.swift in Sources */ = {isa = PBXBuildFile; fileRef = 6F3FF73322BB858100E3F6E6 /* AppDelegate.swift */; };
		6F3FF73622BB858100E3F6E6 /* ViewController.swift in Sources */ = {isa = PBXBuildFile; fileRef = 6F3FF73522BB858100E3F6E6 /* ViewController.swift */; };
		6F3FF73922BB858100E3F6E6 /* Main.storyboard in Resources */ = {isa = PBXBuildFile; fileRef = 6F3FF73722BB858100E3F6E6 /* Main.storyboard */; };
		6F3FF73C22BB858100E3F6E6 /* CoreDataTest.xcdatamodeld in Sources */ = {isa = PBXBuildFile; fileRef = 6F3FF73A22BB858100E3F6E6 /* CoreDataTest.xcdatamodeld */; };
		6F3FF73E22BB858300E3F6E6 /* Assets.xcassets in Resources */ = {isa = PBXBuildFile; fileRef = 6F3FF73D22BB858300E3F6E6 /* Assets.xcassets */; };
		6F3FF74122BB858300E3F6E6 /* LaunchScreen.storyboard in Resources */ = {isa = PBXBuildFile; fileRef = 6F3FF73F22BB858300E3F6E6 /* LaunchScreen.storyboard */; };
		6F3FF74922BB8B0B00E3F6E6 /* PersistenceService.swift in Sources */ = {isa = PBXBuildFile; fileRef = 6F3FF74822BB8B0B00E3F6E6 /* PersistenceService.swift */; };
		6F3FF74C22BB93AE00E3F6E6 /* Person+CoreDataClass.swift in Sources */ = {isa = PBXBuildFile; fileRef = 6F3FF74A22BB93AE00E3F6E6 /* Person+CoreDataClass.swift */; };
		6F3FF74D22BB93AE00E3F6E6 /* Person+CoreDataProperties.swift in Sources */ = {isa = PBXBuildFile; fileRef = 6F3FF74B22BB93AE00E3F6E6 /* Person+CoreDataProperties.swift */; };
		6F3FF74F22BB94C200E3F6E6 /* TableViewController.swift in Sources */ = {isa = PBXBuildFile; fileRef = 6F3FF74E22BB94C200E3F6E6 /* TableViewController.swift */; };
		6F3FF75122BB9BE000E3F6E6 /* DemoTableViewCell.swift in Sources */ = {isa = PBXBuildFile; fileRef = 6F3FF75022BB9BE000E3F6E6 /* DemoTableViewCell.swift */; };
/* End PBXBuildFile section */

/* Begin PBXFileReference section */
		6F3FF73022BB858100E3F6E6 /* CoreDataTest.app */ = {isa = PBXFileReference; explicitFileType = wrapper.application; includeInIndex = 0; path = CoreDataTest.app; sourceTree = BUILT_PRODUCTS_DIR; };
		6F3FF73322BB858100E3F6E6 /* AppDelegate.swift */ = {isa = PBXFileReference; lastKnownFileType = sourcecode.swift; path = AppDelegate.swift; sourceTree = "<group>"; };
		6F3FF73522BB858100E3F6E6 /* ViewController.swift */ = {isa = PBXFileReference; lastKnownFileType = sourcecode.swift; path = ViewController.swift; sourceTree = "<group>"; };
		6F3FF73822BB858100E3F6E6 /* Base */ = {isa = PBXFileReference; lastKnownFileType = file.storyboard; name = Base; path = Base.lproj/Main.storyboard; sourceTree = "<group>"; };
		6F3FF73B22BB858100E3F6E6 /* CoreDataTest.xcdatamodel */ = {isa = PBXFileReference; lastKnownFileType = wrapper.xcdatamodel; path = CoreDataTest.xcdatamodel; sourceTree = "<group>"; };
		6F3FF73D22BB858300E3F6E6 /* Assets.xcassets */ = {isa = PBXFileReference; lastKnownFileType = folder.assetcatalog; path = Assets.xcassets; sourceTree = "<group>"; };
		6F3FF74022BB858300E3F6E6 /* Base */ = {isa = PBXFileReference; lastKnownFileType = file.storyboard; name = Base; path = Base.lproj/LaunchScreen.storyboard; sourceTree = "<group>"; };
		6F3FF74222BB858300E3F6E6 /* Info.plist */ = {isa = PBXFileReference; lastKnownFileType = text.plist.xml; path = Info.plist; sourceTree = "<group>"; };
		6F3FF74822BB8B0B00E3F6E6 /* PersistenceService.swift */ = {isa = PBXFileReference; lastKnownFileType = sourcecode.swift; path = PersistenceService.swift; sourceTree = "<group>"; };
		6F3FF74A22BB93AE00E3F6E6 /* Person+CoreDataClass.swift */ = {isa = PBXFileReference; lastKnownFileType = sourcecode.swift; path = "Person+CoreDataClass.swift"; sourceTree = "<group>"; };
		6F3FF74B22BB93AE00E3F6E6 /* Person+CoreDataProperties.swift */ = {isa = PBXFileReference; lastKnownFileType = sourcecode.swift; path = "Person+CoreDataProperties.swift"; sourceTree = "<group>"; };
		6F3FF74E22BB94C200E3F6E6 /* TableViewController.swift */ = {isa = PBXFileReference; lastKnownFileType = sourcecode.swift; path = TableViewController.swift; sourceTree = "<group>"; };
		6F3FF75022BB9BE000E3F6E6 /* DemoTableViewCell.swift */ = {isa = PBXFileReference; lastKnownFileType = sourcecode.swift; path = DemoTableViewCell.swift; sourceTree = "<group>"; };
/* End PBXFileReference section */

/* Begin PBXFrameworksBuildPhase section */
		6F3FF72D22BB858100E3F6E6 /* Frameworks */ = {
			isa = PBXFrameworksBuildPhase;
			buildActionMask = 2147483647;
			files = (
			);
			runOnlyForDeploymentPostprocessing = 0;
		};
/* End PBXFrameworksBuildPhase section */

/* Begin PBXGroup section */
		6F3FF72722BB858100E3F6E6 = {
			isa = PBXGroup;
			children = (
				6F3FF75022BB9BE000E3F6E6 /* DemoTableViewCell.swift */,
				6F3FF73222BB858100E3F6E6 /* CoreDataTest */,
				6F3FF73122BB858100E3F6E6 /* Products */,
			);
			sourceTree = "<group>";
		};
		6F3FF73122BB858100E3F6E6 /* Products */ = {
			isa = PBXGroup;
			children = (
				6F3FF73022BB858100E3F6E6 /* CoreDataTest.app */,
			);
			name = Products;
			sourceTree = "<group>";
		};
		6F3FF73222BB858100E3F6E6 /* CoreDataTest */ = {
			isa = PBXGroup;
			children = (
				6F3FF74A22BB93AE00E3F6E6 /* Person+CoreDataClass.swift */,
				6F3FF74B22BB93AE00E3F6E6 /* Person+CoreDataProperties.swift */,
				6F3FF73322BB858100E3F6E6 /* AppDelegate.swift */,
				6F3FF73522BB858100E3F6E6 /* ViewController.swift */,
				6F3FF73F22BB858300E3F6E6 /* LaunchScreen.storyboard */,
				6F3FF74E22BB94C200E3F6E6 /* TableViewController.swift */,
				6F3FF73722BB858100E3F6E6 /* Main.storyboard */,
				6F3FF73D22BB858300E3F6E6 /* Assets.xcassets */,
				6F3FF74822BB8B0B00E3F6E6 /* PersistenceService.swift */,
				6F3FF74222BB858300E3F6E6 /* Info.plist */,
				6F3FF73A22BB858100E3F6E6 /* CoreDataTest.xcdatamodeld */,
			);
			path = CoreDataTest;
			sourceTree = "<group>";
		};
/* End PBXGroup section */

/* Begin PBXNativeTarget section */
		6F3FF72F22BB858100E3F6E6 /* CoreDataTest */ = {
			isa = PBXNativeTarget;
			buildConfigurationList = 6F3FF74522BB858300E3F6E6 /* Build configuration list for PBXNativeTarget "CoreDataTest" */;
			buildPhases = (
				6F3FF72C22BB858100E3F6E6 /* Sources */,
				6F3FF72D22BB858100E3F6E6 /* Frameworks */,
				6F3FF72E22BB858100E3F6E6 /* Resources */,
			);
			buildRules = (
			);
			dependencies = (
			);
			name = CoreDataTest;
			productName = CoreDataTest;
			productReference = 6F3FF73022BB858100E3F6E6 /* CoreDataTest.app */;
			productType = "com.apple.product-type.application";
		};
/* End PBXNativeTarget section */

/* Begin PBXProject section */
		6F3FF72822BB858100E3F6E6 /* Project object */ = {
			isa = PBXProject;
			attributes = {
				LastSwiftUpdateCheck = 1020;
				LastUpgradeCheck = 1020;
				ORGANIZATIONNAME = rkbroach;
				TargetAttributes = {
					6F3FF72F22BB858100E3F6E6 = {
						CreatedOnToolsVersion = 10.2.1;
					};
				};
			};
			buildConfigurationList = 6F3FF72B22BB858100E3F6E6 /* Build configuration list for PBXProject "CoreDataTest" */;
			compatibilityVersion = "Xcode 9.3";
			developmentRegion = en;
			hasScannedForEncodings = 0;
			knownRegions = (
				en,
				Base,
			);
			mainGroup = 6F3FF72722BB858100E3F6E6;
			productRefGroup = 6F3FF73122BB858100E3F6E6 /* Products */;
			projectDirPath = "";
			projectRoot = "";
			targets = (
				6F3FF72F22BB858100E3F6E6 /* CoreDataTest */,
			);
		};
/* End PBXProject section */

/* Begin PBXResourcesBuildPhase section */
		6F3FF72E22BB858100E3F6E6 /* Resources */ = {
			isa = PBXResourcesBuildPhase;
			buildActionMask = 2147483647;
			files = (
				6F3FF74122BB858300E3F6E6 /* LaunchScreen.storyboard in Resources */,
				6F3FF73E22BB858300E3F6E6 /* Assets.xcassets in Resources */,
				6F3FF73922BB858100E3F6E6 /* Main.storyboard in Resources */,
			);
			runOnlyForDeploymentPostprocessing = 0;
		};
/* End PBXResourcesBuildPhase section */

/* Begin PBXSourcesBuildPhase section */
		6F3FF72C22BB858100E3F6E6 /* Sources */ = {
			isa = PBXSourcesBuildPhase;
			buildActionMask = 2147483647;
			files = (
				6F3FF73622BB858100E3F6E6 /* ViewController.swift in Sources */,
				6F3FF74F22BB94C200E3F6E6 /* TableViewController.swift in Sources */,
				6F3FF75122BB9BE000E3F6E6 /* DemoTableViewCell.swift in Sources */,
				6F3FF74922BB8B0B00E3F6E6 /* PersistenceService.swift in Sources */,
				6F3FF74D22BB93AE00E3F6E6 /* Person+CoreDataProperties.swift in Sources */,
				6F3FF74C22BB93AE00E3F6E6 /* Person+CoreDataClass.swift in Sources */,
				6F3FF73C22BB858100E3F6E6 /* CoreDataTest.xcdatamodeld in Sources */,
				6F3FF73422BB858100E3F6E6 /* AppDelegate.swift in Sources */,
			);
			runOnlyForDeploymentPostprocessing = 0;
		};
/* End PBXSourcesBuildPhase section */

/* Begin PBXVariantGroup section */
		6F3FF73722BB858100E3F6E6 /* Main.storyboard */ = {
			isa = PBXVariantGroup;
			children = (
				6F3FF73822BB858100E3F6E6 /* Base */,
			);
			name = Main.storyboard;
			sourceTree = "<group>";
		};
		6F3FF73F22BB858300E3F6E6 /* LaunchScreen.storyboard */ = {
			isa = PBXVariantGroup;
			children = (
				6F3FF74022BB858300E3F6E6 /* Base */,
			);
			name = LaunchScreen.storyboard;
			sourceTree = "<group>";
		};
/* End PBXVariantGroup section */

/* Begin XCBuildConfiguration section */
		6F3FF74322BB858300E3F6E6 /* Debug */ = {
			isa = XCBuildConfiguration;
			buildSettings = {
				ALWAYS_SEARCH_USER_PATHS = NO;
				CLANG_ANALYZER_NONNULL = YES;
				CLANG_ANALYZER_NUMBER_OBJECT_CONVERSION = YES_AGGRESSIVE;
				CLANG_CXX_LANGUAGE_STANDARD = "gnu++14";
				CLANG_CXX_LIBRARY = "libc++";
				CLANG_ENABLE_MODULES = YES;
				CLANG_ENABLE_OBJC_ARC = YES;
				CLANG_ENABLE_OBJC_WEAK = YES;
				CLANG_WARN_BLOCK_CAPTURE_AUTORELEASING = YES;
				CLANG_WARN_BOOL_CONVERSION = YES;
				CLANG_WARN_COMMA = YES;
				CLANG_WARN_CONSTANT_CONVERSION = YES;
				CLANG_WARN_DEPRECATED_OBJC_IMPLEMENTATIONS = YES;
				CLANG_WARN_DIRECT_OBJC_ISA_USAGE = YES_ERROR;
				CLANG_WARN_DOCUMENTATION_COMMENTS = YES;
				CLANG_WARN_EMPTY_BODY = YES;
				CLANG_WARN_ENUM_CONVERSION = YES;
				CLANG_WARN_INFINITE_RECURSION = YES;
				CLANG_WARN_INT_CONVERSION = YES;
				CLANG_WARN_NON_LITERAL_NULL_CONVERSION = YES;
				CLANG_WARN_OBJC_IMPLICIT_RETAIN_SELF = YES;
				CLANG_WARN_OBJC_LITERAL_CONVERSION = YES;
				CLANG_WARN_OBJC_ROOT_CLASS = YES_ERROR;
				CLANG_WARN_RANGE_LOOP_ANALYSIS = YES;
				CLANG_WARN_STRICT_PROTOTYPES = YES;
				CLANG_WARN_SUSPICIOUS_MOVE = YES;
				CLANG_WARN_UNGUARDED_AVAILABILITY = YES_AGGRESSIVE;
				CLANG_WARN_UNREACHABLE_CODE = YES;
				CLANG_WARN__DUPLICATE_METHOD_MATCH = YES;
				CODE_SIGN_IDENTITY = "iPhone Developer";
				COPY_PHASE_STRIP = NO;
				DEBUG_INFORMATION_FORMAT = dwarf;
				ENABLE_STRICT_OBJC_MSGSEND = YES;
				ENABLE_TESTABILITY = YES;
				GCC_C_LANGUAGE_STANDARD = gnu11;
				GCC_DYNAMIC_NO_PIC = NO;
				GCC_NO_COMMON_BLOCKS = YES;
				GCC_OPTIMIZATION_LEVEL = 0;
				GCC_PREPROCESSOR_DEFINITIONS = (
					"DEBUG=1",
					"$(inherited)",
				);
				GCC_WARN_64_TO_32_BIT_CONVERSION = YES;
				GCC_WARN_ABOUT_RETURN_TYPE = YES_ERROR;
				GCC_WARN_UNDECLARED_SELECTOR = YES;
				GCC_WARN_UNINITIALIZED_AUTOS = YES_AGGRESSIVE;
				GCC_WARN_UNUSED_FUNCTION = YES;
				GCC_WARN_UNUSED_VARIABLE = YES;
				IPHONEOS_DEPLOYMENT_TARGET = 12.2;
				MTL_ENABLE_DEBUG_INFO = INCLUDE_SOURCE;
				MTL_FAST_MATH = YES;
				ONLY_ACTIVE_ARCH = YES;
				SDKROOT = iphoneos;
				SWIFT_ACTIVE_COMPILATION_CONDITIONS = DEBUG;
				SWIFT_OPTIMIZATION_LEVEL = "-Onone";
			};
			name = Debug;
		};
		6F3FF74422BB858300E3F6E6 /* Release */ = {
			isa = XCBuildConfiguration;
			buildSettings = {
				ALWAYS_SEARCH_USER_PATHS = NO;
				CLANG_ANALYZER_NONNULL = YES;
				CLANG_ANALYZER_NUMBER_OBJECT_CONVERSION = YES_AGGRESSIVE;
				CLANG_CXX_LANGUAGE_STANDARD = "gnu++14";
				CLANG_CXX_LIBRARY = "libc++";
				CLANG_ENABLE_MODULES = YES;
				CLANG_ENABLE_OBJC_ARC = YES;
				CLANG_ENABLE_OBJC_WEAK = YES;
				CLANG_WARN_BLOCK_CAPTURE_AUTORELEASING = YES;
				CLANG_WARN_BOOL_CONVERSION = YES;
				CLANG_WARN_COMMA = YES;
				CLANG_WARN_CONSTANT_CONVERSION = YES;
				CLANG_WARN_DEPRECATED_OBJC_IMPLEMENTATIONS = YES;
				CLANG_WARN_DIRECT_OBJC_ISA_USAGE = YES_ERROR;
				CLANG_WARN_DOCUMENTATION_COMMENTS = YES;
				CLANG_WARN_EMPTY_BODY = YES;
				CLANG_WARN_ENUM_CONVERSION = YES;
				CLANG_WARN_INFINITE_RECURSION = YES;
				CLANG_WARN_INT_CONVERSION = YES;
				CLANG_WARN_NON_LITERAL_NULL_CONVERSION = YES;
				CLANG_WARN_OBJC_IMPLICIT_RETAIN_SELF = YES;
				CLANG_WARN_OBJC_LITERAL_CONVERSION = YES;
				CLANG_WARN_OBJC_ROOT_CLASS = YES_ERROR;
				CLANG_WARN_RANGE_LOOP_ANALYSIS = YES;
				CLANG_WARN_STRICT_PROTOTYPES = YES;
				CLANG_WARN_SUSPICIOUS_MOVE = YES;
				CLANG_WARN_UNGUARDED_AVAILABILITY = YES_AGGRESSIVE;
				CLANG_WARN_UNREACHABLE_CODE = YES;
				CLANG_WARN__DUPLICATE_METHOD_MATCH = YES;
				CODE_SIGN_IDENTITY = "iPhone Developer";
				COPY_PHASE_STRIP = NO;
				DEBUG_INFORMATION_FORMAT = "dwarf-with-dsym";
				ENABLE_NS_ASSERTIONS = NO;
				ENABLE_STRICT_OBJC_MSGSEND = YES;
				GCC_C_LANGUAGE_STANDARD = gnu11;
				GCC_NO_COMMON_BLOCKS = YES;
				GCC_WARN_64_TO_32_BIT_CONVERSION = YES;
				GCC_WARN_ABOUT_RETURN_TYPE = YES_ERROR;
				GCC_WARN_UNDECLARED_SELECTOR = YES;
				GCC_WARN_UNINITIALIZED_AUTOS = YES_AGGRESSIVE;
				GCC_WARN_UNUSED_FUNCTION = YES;
				GCC_WARN_UNUSED_VARIABLE = YES;
				IPHONEOS_DEPLOYMENT_TARGET = 12.2;
				MTL_ENABLE_DEBUG_INFO = NO;
				MTL_FAST_MATH = YES;
				SDKROOT = iphoneos;
				SWIFT_COMPILATION_MODE = wholemodule;
				SWIFT_OPTIMIZATION_LEVEL = "-O";
				VALIDATE_PRODUCT = YES;
			};
			name = Release;
		};
		6F3FF74622BB858300E3F6E6 /* Debug */ = {
			isa = XCBuildConfiguration;
			buildSettings = {
				ASSETCATALOG_COMPILER_APPICON_NAME = AppIcon;
				CODE_SIGN_STYLE = Automatic;
				INFOPLIST_FILE = CoreDataTest/Info.plist;
				LD_RUNPATH_SEARCH_PATHS = (
					"$(inherited)",
					"@executable_path/Frameworks",
				);
				PRODUCT_BUNDLE_IDENTIFIER = com.rkbroach.CoreDataTest;
				PRODUCT_NAME = "$(TARGET_NAME)";
				SWIFT_VERSION = 5.0;
				TARGETED_DEVICE_FAMILY = "1,2";
			};
			name = Debug;
		};
		6F3FF74722BB858300E3F6E6 /* Release */ = {
			isa = XCBuildConfiguration;
			buildSettings = {
				ASSETCATALOG_COMPILER_APPICON_NAME = AppIcon;
				CODE_SIGN_STYLE = Automatic;
				INFOPLIST_FILE = CoreDataTest/Info.plist;
				LD_RUNPATH_SEARCH_PATHS = (
					"$(inherited)",
					"@executable_path/Frameworks",
				);
				PRODUCT_BUNDLE_IDENTIFIER = com.rkbroach.CoreDataTest;
				PRODUCT_NAME = "$(TARGET_NAME)";
				SWIFT_VERSION = 5.0;
				TARGETED_DEVICE_FAMILY = "1,2";
			};
			name = Release;
		};
/* End XCBuildConfiguration section */

/* Begin XCConfigurationList section */
		6F3FF72B22BB858100E3F6E6 /* Build configuration list for PBXProject "CoreDataTest" */ = {
			isa = XCConfigurationList;
			buildConfigurations = (
				6F3FF74322BB858300E3F6E6 /* Debug */,
				6F3FF74422BB858300E3F6E6 /* Release */,
			);
			defaultConfigurationIsVisible = 0;
			defaultConfigurationName = Release;
		};
		6F3FF74522BB858300E3F6E6 /* Build configuration list for PBXNativeTarget "CoreDataTest" */ = {
			isa = XCConfigurationList;
			buildConfigurations = (
				6F3FF74622BB858300E3F6E6 /* Debug */,
				6F3FF74722BB858300E3F6E6 /* Release */,
			);
			defaultConfigurationIsVisible = 0;
			defaultConfigurationName = Release;
		};
/* End XCConfigurationList section */

/* Begin XCVersionGroup section */
		6F3FF73A22BB858100E3F6E6 /* CoreDataTest.xcdatamodeld */ = {
			isa = XCVersionGroup;
			children = (
				6F3FF73B22BB858100E3F6E6 /* CoreDataTest.xcdatamodel */,
			);
			currentVersion = 6F3FF73B22BB858100E3F6E6 /* CoreDataTest.xcdatamodel */;
			path = CoreDataTest.xcdatamodeld;
			sourceTree = "<group>";
			versionGroupType = wrapper.xcdatamodel;
		};
/* End XCVersionGroup section */
	};
	rootObject = 6F3FF72822BB858100E3F6E6 /* Project object */;
}
